{
  "name": "squirls",
  "version": "0.0.18",
  "lockfileVersion": 1,
  "requires": true,
  "dependencies": {
    "canvasworkers": {
      "version": "0.0.9",
      "resolved": "https://registry.npmjs.org/canvasworkers/-/canvasworkers-0.0.9.tgz",
      "integrity": "sha512-W7a/ChnzQIkYjpSBWQ8rODu+em/Fbi1c9bdCJr+89VB8asCuVvDc6pEdLeirrrLaHOHuS7GhWjSLC4t/BspNnw==",
      "requires": {
        "typescript": "^3.5.1"
      }
    },
    "typescript": {
      "version": "3.5.1",
      "resolved": "https://registry.npmjs.org/typescript/-/typescript-3.5.1.tgz",
      "integrity": "sha512-64HkdiRv1yYZsSe4xC1WVgamNigVYjlssIoaH2HcZF0+ijsk5YK2g0G34w9wJkze8+5ow4STd22AynfO6ZYYLw=="
    }
  }
}
